
Microsoft Visual Studio Solution File, Format Version 12.00
# Visual Studio Version 17
VisualStudioVersion = 17.3.32901.215
MinimumVisualStudioVersion = 10.0.40219.1
Project("{FAE04EC0-301F-11D3-BF4B-00C04F79EFBC}") = "CarService", "CarService.csproj", "{87DC00B3-BDD3-4639-8439-17D7338D7F13}"
EndProject
Global
	GlobalSection(SolutionConfigurationPlatforms) = preSolution
		Debug|Any CPU = Debug|Any CPU
		Release|Any CPU = Release|Any CPU
	EndGlobalSection
	GlobalSection(ProjectConfigurationPlatforms) = postSolution
		{87DC00B3-BDD3-4639-8439-17D7338D7F13}.Debug|Any CPU.ActiveCfg = Debug|Any CPU
		{87DC00B3-BDD3-4639-8439-17D7338D7F13}.Debug|Any CPU.Build.0 = Debug|Any CPU
		{87DC00B3-BDD3-4639-8439-17D7338D7F13}.Release|Any CPU.ActiveCfg = Release|Any CPU
		{87DC00B3-BDD3-4639-8439-17D7338D7F13}.Release|Any CPU.Build.0 = Release|Any CPU
	EndGlobalSection
	GlobalSection(SolutionProperties) = preSolution
		HideSolutionNode = FALSE
	EndGlobalSection
	GlobalSection(ExtensibilityGlobals) = postSolution
		SolutionGuid = {AC068F33-DB95-432F-9D41-3F501F647E9C}
	EndGlobalSection
EndGlobal
